hash: 567f9a099af1925ccdd2d6a223eb2f38083aa21232ca9122162fb657f2cd90b4
updated: 2017-04-11T18:50:07.931282+09:00
imports: []
testImports:
- name: github.com/k0kubun/pp
  version: d1532fc5d94ecdf2da29e24d7b99721f3287de4a
- name: github.com/kr/pretty
  version: cfb55aafdaf3ec08f0db22699ab822c50091b1c4
- name: github.com/kr/text
  version: 7cafcd837844e784b526369c9bce262804aebc60
